
Microsoft Visual Studio Solution File, Format Version 12.00
# Visual Studio 15
VisualStudioVersion = 15.0.26730.16
MinimumVisualStudioVersion = 10.0.40219.1
Project("{FAE04EC0-301F-11D3-BF4B-00C04F79EFBC}") = "Q.BloomFilter", "Q.BloomFilter\Q.BloomFilter.csproj", "{7AF9AD32-EAC0-4E63-A3CF-120F93F7B3BB}"
EndProject
Project("{FAE04EC0-301F-11D3-BF4B-00C04F79EFBC}") = "Q.BloomFilter.Test", "Q.BloomFilter.Test\Q.BloomFilter.Test.csproj", "{3DB3DB29-06B0-4788-96D0-AA431B411485}"
EndProject
Global
	GlobalSection(SolutionConfigurationPlatforms) = preSolution
		Debug|Any CPU = Debug|Any CPU
		Release|Any CPU = Release|Any CPU
	EndGlobalSection
	GlobalSection(ProjectConfigurationPlatforms) = postSolution
		{7AF9AD32-EAC0-4E63-A3CF-120F93F7B3BB}.Debug|Any CPU.ActiveCfg = Debug|Any CPU
		{7AF9AD32-EAC0-4E63-A3CF-120F93F7B3BB}.Debug|Any CPU.Build.0 = Debug|Any CPU
		{7AF9AD32-EAC0-4E63-A3CF-120F93F7B3BB}.Release|Any CPU.ActiveCfg = Release|Any CPU
		{7AF9AD32-EAC0-4E63-A3CF-120F93F7B3BB}.Release|Any CPU.Build.0 = Release|Any CPU
		{3DB3DB29-06B0-4788-96D0-AA431B411485}.Debug|Any CPU.ActiveCfg = Debug|Any CPU
		{3DB3DB29-06B0-4788-96D0-AA431B411485}.Debug|Any CPU.Build.0 = Debug|Any CPU
		{3DB3DB29-06B0-4788-96D0-AA431B411485}.Release|Any CPU.ActiveCfg = Release|Any CPU
		{3DB3DB29-06B0-4788-96D0-AA431B411485}.Release|Any CPU.Build.0 = Release|Any CPU
	EndGlobalSection
	GlobalSection(SolutionProperties) = preSolution
		HideSolutionNode = FALSE
	EndGlobalSection
	GlobalSection(ExtensibilityGlobals) = postSolution
		SolutionGuid = {1D0DFCB6-CD86-4273-A09C-A20B10339302}
	EndGlobalSection
EndGlobal
